
Microsoft Visual Studio Solution File, Format Version 12.00
# Visual Studio 2013
VisualStudioVersion = 12.0.31101.0
MinimumVisualStudioVersion = 10.0.40219.1
Project("{FAE04EC0-301F-11D3-BF4B-00C04F79EFBC}") = "Lista2-Questao4", "Lista2-questao4\Lista2-Questao4.csproj", "{CA7BE94C-4593-42D8-970E-AA01962C9735}"
EndProject
Global
	GlobalSection(SolutionConfigurationPlatforms) = preSolution
		Debug|Any CPU = Debug|Any CPU
		Release|Any CPU = Release|Any CPU
	EndGlobalSection
	GlobalSection(ProjectConfigurationPlatforms) = postSolution
		{CA7BE94C-4593-42D8-970E-AA01962C9735}.Debug|Any CPU.ActiveCfg = Debug|Any CPU
		{CA7BE94C-4593-42D8-970E-AA01962C9735}.Debug|Any CPU.Build.0 = Debug|Any CPU
		{CA7BE94C-4593-42D8-970E-AA01962C9735}.Release|Any CPU.ActiveCfg = Release|Any CPU
		{CA7BE94C-4593-42D8-970E-AA01962C9735}.Release|Any CPU.Build.0 = Release|Any CPU
	EndGlobalSection
	GlobalSection(SolutionProperties) = preSolution
		HideSolutionNode = FALSE
	EndGlobalSection
EndGlobal
