
Microsoft Visual Studio Solution File, Format Version 12.00
# Visual Studio 2013
VisualStudioVersion = 12.0.31101.0
MinimumVisualStudioVersion = 10.0.40219.1
Project("{FAE04EC0-301F-11D3-BF4B-00C04F79EFBC}") = "Lista-1-Questao-4", "Lista-1-Questao-4\Lista-1-Questao-4.csproj", "{796A57D0-F1D5-4C6F-BFD7-DD3C027700A1}"
EndProject
Global
	GlobalSection(TeamFoundationVersionControl) = preSolution
		SccNumberOfProjects = 2
		SccEnterpriseProvider = {4CA58AB2-18FA-4F8D-95D4-32DDF27D184C}
		SccTeamFoundationServer = https://alexjosesilva.visualstudio.com/defaultcollection
		SccLocalPath0 = .
		SccProjectUniqueName1 = Lista-1-Questao-4\\Lista-1-Questao-4.csproj
		SccProjectName1 = Lista-1-Questao-4
		SccLocalPath1 = Lista-1-Questao-4
	EndGlobalSection
	GlobalSection(SolutionConfigurationPlatforms) = preSolution
		Debug|Any CPU = Debug|Any CPU
		Release|Any CPU = Release|Any CPU
	EndGlobalSection
	GlobalSection(ProjectConfigurationPlatforms) = postSolution
		{796A57D0-F1D5-4C6F-BFD7-DD3C027700A1}.Debug|Any CPU.ActiveCfg = Debug|Any CPU
		{796A57D0-F1D5-4C6F-BFD7-DD3C027700A1}.Debug|Any CPU.Build.0 = Debug|Any CPU
		{796A57D0-F1D5-4C6F-BFD7-DD3C027700A1}.Release|Any CPU.ActiveCfg = Release|Any CPU
		{796A57D0-F1D5-4C6F-BFD7-DD3C027700A1}.Release|Any CPU.Build.0 = Release|Any CPU
	EndGlobalSection
	GlobalSection(SolutionProperties) = preSolution
		HideSolutionNode = FALSE
	EndGlobalSection
EndGlobal
